{
  "name": "openelement-url-pattern-list-audit",
  "version": "0.0.0",
  "lockfileVersion": 3,
  "requires": true,
  "packages": {
    "": {
      "name": "openelement-url-pattern-list-audit",
      "version": "0.0.0",
      "dependencies": {
        "@openelement/url-pattern-list": "0.6.0"
      }
    },
    "node_modules/@openelement/url-pattern-list": {
      "version": "0.6.0",
      "resolved": "https://registry.npmjs.org/@openelement/url-pattern-list/-/url-pattern-list-0.6.0.tgz",
      "integrity": "sha512-djz6c4tih8BL1lonjr41iuoWGGF5pOgldEE0wOB/hzLLB4rS1MQHRQ2X3zM2XxnB6SX5Fphxx7uwTN/+ZDH//g==",
      "license": "MIT"
    }
  }
}
